// !$*UTF8*$!
{
	archiveVersion = 1;
	classes = {
	};
	objectVersion = 46;
	objects = {

/* Begin PBXBuildFile section */
		016276FE1C83E7CE003E4994 /* AppDelegate.swift in Sources */ = {isa = PBXBuildFile; fileRef = 016276FD1C83E7CE003E4994 /* AppDelegate.swift */; };
		016277001C83E7CE003E4994 /* ViewController.swift in Sources */ = {isa = PBXBuildFile; fileRef = 016276FF1C83E7CE003E4994 /* ViewController.swift */; };
		016277031C83E7CE003E4994 /* Main.storyboard in Resources */ = {isa = PBXBuildFile; fileRef = 016277011C83E7CE003E4994 /* Main.storyboard */; };
		016277051C83E7CE003E4994 /* Assets.xcassets in Resources */ = {isa = PBXBuildFile; fileRef = 016277041C83E7CE003E4994 /* Assets.xcassets */; };
		016277081C83E7CE003E4994 /* LaunchScreen.storyboard in Resources */ = {isa = PBXBuildFile; fileRef = 016277061C83E7CE003E4994 /* LaunchScreen.storyboard */; };
		016D12E51C83EAE700F62CD3 /* LoginViewController.swift in Sources */ = {isa = PBXBuildFile; fileRef = 016D12E41C83EAE700F62CD3 /* LoginViewController.swift */; };
		81A810831A85365D3C86C0AC /* Pods_Instyy.framework in Frameworks */ = {isa = PBXBuildFile; fileRef = 93394A948DC3F5C2FB2C3515 /* Pods_Instyy.framework */; };
/* End PBXBuildFile section */

/* Begin PBXFileReference section */
		016276FA1C83E7CE003E4994 /* Instyy.app */ = {isa = PBXFileReference; explicitFileType = wrapper.application; includeInIndex = 0; path = Instyy.app; sourceTree = BUILT_PRODUCTS_DIR; };
		016276FD1C83E7CE003E4994 /* AppDelegate.swift */ = {isa = PBXFileReference; lastKnownFileType = sourcecode.swift; path = AppDelegate.swift; sourceTree = "<group>"; };
		016276FF1C83E7CE003E4994 /* ViewController.swift */ = {isa = PBXFileReference; lastKnownFileType = sourcecode.swift; path = ViewController.swift; sourceTree = "<group>"; };
		016277021C83E7CE003E4994 /* Base */ = {isa = PBXFileReference; lastKnownFileType = file.storyboard; name = Base; path = Base.lproj/Main.storyboard; sourceTree = "<group>"; };
		016277041C83E7CE003E4994 /* Assets.xcassets */ = {isa = PBXFileReference; lastKnownFileType = folder.assetcatalog; path = Assets.xcassets; sourceTree = "<group>"; };
		016277071C83E7CE003E4994 /* Base */ = {isa = PBXFileReference; lastKnownFileType = file.storyboard; name = Base; path = Base.lproj/LaunchScreen.storyboard; sourceTree = "<group>"; };
		016277091C83E7CE003E4994 /* Info.plist */ = {isa = PBXFileReference; lastKnownFileType = text.plist.xml; path = Info.plist; sourceTree = "<group>"; };
		016D12E41C83EAE700F62CD3 /* LoginViewController.swift */ = {isa = PBXFileReference; fileEncoding = 4; lastKnownFileType = sourcecode.swift; path = LoginViewController.swift; sourceTree = "<group>"; };
		2389BEDD752D1CED8188AC36 /* Pods-Instyy.release.xcconfig */ = {isa = PBXFileReference; includeInIndex = 1; lastKnownFileType = text.xcconfig; name = "Pods-Instyy.release.xcconfig"; path = "Pods/Target Support Files/Pods-Instyy/Pods-Instyy.release.xcconfig"; sourceTree = "<group>"; };
		93394A948DC3F5C2FB2C3515 /* Pods_Instyy.framework */ = {isa = PBXFileReference; explicitFileType = wrapper.framework; includeInIndex = 0; path = Pods_Instyy.framework; sourceTree = BUILT_PRODUCTS_DIR; };
		A2D526155CB7FB4F273F2700 /* Pods-Instyy.debug.xcconfig */ = {isa = PBXFileReference; includeInIndex = 1; lastKnownFileType = text.xcconfig; name = "Pods-Instyy.debug.xcconfig"; path = "Pods/Target Support Files/Pods-Instyy/Pods-Instyy.debug.xcconfig"; sourceTree = "<group>"; };
/* End PBXFileReference section */

/* Begin PBXFrameworksBuildPhase section */
		016276F71C83E7CE003E4994 /* Frameworks */ = {
			isa = PBXFrameworksBuildPhase;
			buildActionMask = 2147483647;
			files = (
				81A810831A85365D3C86C0AC /* Pods_Instyy.framework in Frameworks */,
			);
			runOnlyForDeploymentPostprocessing = 0;
		};
/* End PBXFrameworksBuildPhase section */

/* Begin PBXGroup section */
		016276F11C83E7CE003E4994 = {
			isa = PBXGroup;
			children = (
				016276FC1C83E7CE003E4994 /* Instyy */,
				016276FB1C83E7CE003E4994 /* Products */,
				319E774716AB28DDAEFD3F63 /* Pods */,
				7739360552EB67744CC791A3 /* Frameworks */,
			);
			sourceTree = "<group>";
		};
		016276FB1C83E7CE003E4994 /* Products */ = {
			isa = PBXGroup;
			children = (
				016276FA1C83E7CE003E4994 /* Instyy.app */,
			);
			name = Products;
			sourceTree = "<group>";
		};
		016276FC1C83E7CE003E4994 /* Instyy */ = {
			isa = PBXGroup;
			children = (
				016276FD1C83E7CE003E4994 /* AppDelegate.swift */,
				016D12E31C83EAC800F62CD3 /* View Controllers */,
				016277011C83E7CE003E4994 /* Main.storyboard */,
				016277041C83E7CE003E4994 /* Assets.xcassets */,
				016277061C83E7CE003E4994 /* LaunchScreen.storyboard */,
				016277091C83E7CE003E4994 /* Info.plist */,
			);
			path = Instyy;
			sourceTree = "<group>";
		};
		016D12E31C83EAC800F62CD3 /* View Controllers */ = {
			isa = PBXGroup;
			children = (
				016276FF1C83E7CE003E4994 /* ViewController.swift */,
				016D12E41C83EAE700F62CD3 /* LoginViewController.swift */,
			);
			name = "View Controllers";
			sourceTree = "<group>";
		};
		319E774716AB28DDAEFD3F63 /* Pods */ = {
			isa = PBXGroup;
			children = (
				A2D526155CB7FB4F273F2700 /* Pods-Instyy.debug.xcconfig */,
				2389BEDD752D1CED8188AC36 /* Pods-Instyy.release.xcconfig */,
			);
			name = Pods;
			sourceTree = "<group>";
		};
		7739360552EB67744CC791A3 /* Frameworks */ = {
			isa = PBXGroup;
			children = (
				93394A948DC3F5C2FB2C3515 /* Pods_Instyy.framework */,
			);
			name = Frameworks;
			sourceTree = "<group>";
		};
/* End PBXGroup section */

/* Begin PBXNativeTarget section */
		016276F91C83E7CE003E4994 /* Instyy */ = {
			isa = PBXNativeTarget;
			buildConfigurationList = 0162770C1C83E7CE003E4994 /* Build configuration list for PBXNativeTarget "Instyy" */;
			buildPhases = (
				43775E4E20DEC2D66B65F6CB /* Check Pods Manifest.lock */,
				016276F61C83E7CE003E4994 /* Sources */,
				016276F71C83E7CE003E4994 /* Frameworks */,
				016276F81C83E7CE003E4994 /* Resources */,
				1D39EB4C0611DC13F43A8461 /* Embed Pods Frameworks */,
				10C1FBA95D3BFD7B9332F05F /* Copy Pods Resources */,
			);
			buildRules = (
			);
			dependencies = (
			);
			name = Instyy;
			productName = Instyy;
			productReference = 016276FA1C83E7CE003E4994 /* Instyy.app */;
			productType = "com.apple.product-type.application";
		};
/* End PBXNativeTarget section */

/* Begin PBXProject section */
		016276F21C83E7CE003E4994 /* Project object */ = {
			isa = PBXProject;
			attributes = {
				LastSwiftUpdateCheck = 0720;
				LastUpgradeCheck = 0720;
				ORGANIZATIONNAME = codepath;
				TargetAttributes = {
					016276F91C83E7CE003E4994 = {
						CreatedOnToolsVersion = 7.2.1;
						DevelopmentTeam = C666EH34U7;
					};
				};
			};
			buildConfigurationList = 016276F51C83E7CE003E4994 /* Build configuration list for PBXProject "Instyy" */;
			compatibilityVersion = "Xcode 3.2";
			developmentRegion = English;
			hasScannedForEncodings = 0;
			knownRegions = (
				en,
				Base,
			);
			mainGroup = 016276F11C83E7CE003E4994;
			productRefGroup = 016276FB1C83E7CE003E4994 /* Products */;
			projectDirPath = "";
			projectRoot = "";
			targets = (
				016276F91C83E7CE003E4994 /* Instyy */,
			);
		};
/* End PBXProject section */

/* Begin PBXResourcesBuildPhase section */
		016276F81C83E7CE003E4994 /* Resources */ = {
			isa = PBXResourcesBuildPhase;
			buildActionMask = 2147483647;
			files = (
				016277081C83E7CE003E4994 /* LaunchScreen.storyboard in Resources */,
				016277051C83E7CE003E4994 /* Assets.xcassets in Resources */,
				016277031C83E7CE003E4994 /* Main.storyboard in Resources */,
			);
			runOnlyForDeploymentPostprocessing = 0;
		};
/* End PBXResourcesBuildPhase section */

/* Begin PBXShellScriptBuildPhase section */
		10C1FBA95D3BFD7B9332F05F /* Copy Pods Resources */ = {
			isa = PBXShellScriptBuildPhase;
			buildActionMask = 2147483647;
			files = (
			);
			inputPaths = (
			);
			name = "Copy Pods Resources";
			outputPaths = (
			);
			runOnlyForDeploymentPostprocessing = 0;
			shellPath = /bin/sh;
			shellScript = "\"${SRCROOT}/Pods/Target Support Files/Pods-Instyy/Pods-Instyy-resources.sh\"\n";
			showEnvVarsInLog = 0;
		};
		1D39EB4C0611DC13F43A8461 /* Embed Pods Frameworks */ = {
			isa = PBXShellScriptBuildPhase;
			buildActionMask = 2147483647;
			files = (
			);
			inputPaths = (
			);
			name = "Embed Pods Frameworks";
			outputPaths = (
			);
			runOnlyForDeploymentPostprocessing = 0;
			shellPath = /bin/sh;
			shellScript = "\"${SRCROOT}/Pods/Target Support Files/Pods-Instyy/Pods-Instyy-frameworks.sh\"\n";
			showEnvVarsInLog = 0;
		};
		43775E4E20DEC2D66B65F6CB /* Check Pods Manifest.lock */ = {
			isa = PBXShellScriptBuildPhase;
			buildActionMask = 2147483647;
			files = (
			);
			inputPaths = (
			);
			name = "Check Pods Manifest.lock";
			outputPaths = (
			);
			runOnlyForDeploymentPostprocessing = 0;
			shellPath = /bin/sh;
			shellScript = "diff \"${PODS_ROOT}/../Podfile.lock\" \"${PODS_ROOT}/Manifest.lock\" > /dev/null\nif [[ $? != 0 ]] ; then\n    cat << EOM\nerror: The sandbox is not in sync with the Podfile.lock. Run 'pod install' or update your CocoaPods installation.\nEOM\n    exit 1\nfi\n";
			showEnvVarsInLog = 0;
		};
/* End PBXShellScriptBuildPhase section */

/* Begin PBXSourcesBuildPhase section */
		016276F61C83E7CE003E4994 /* Sources */ = {
			isa = PBXSourcesBuildPhase;
			buildActionMask = 2147483647;
			files = (
				016D12E51C83EAE700F62CD3 /* LoginViewController.swift in Sources */,
				016277001C83E7CE003E4994 /* ViewController.swift in Sources */,
				016276FE1C83E7CE003E4994 /* AppDelegate.swift in Sources */,
			);
			runOnlyForDeploymentPostprocessing = 0;
		};
/* End PBXSourcesBuildPhase section */

/* Begin PBXVariantGroup section */
		016277011C83E7CE003E4994 /* Main.storyboard */ = {
			isa = PBXVariantGroup;
			children = (
				016277021C83E7CE003E4994 /* Base */,
			);
			name = Main.storyboard;
			sourceTree = "<group>";
		};
		016277061C83E7CE003E4994 /* LaunchScreen.storyboard */ = {
			isa = PBXVariantGroup;
			children = (
				016277071C83E7CE003E4994 /* Base */,
			);
			name = LaunchScreen.storyboard;
			sourceTree = "<group>";
		};
/* End PBXVariantGroup section */

/* Begin XCBuildConfiguration section */
		0162770A1C83E7CE003E4994 /* Debug */ = {
			isa = XCBuildConfiguration;
			buildSettings = {
				ALWAYS_SEARCH_USER_PATHS = NO;
				CLANG_CXX_LANGUAGE_STANDARD = "gnu++0x";
				CLANG_CXX_LIBRARY = "libc++";
				CLANG_ENABLE_MODULES = YES;
				CLANG_ENABLE_OBJC_ARC = YES;
				CLANG_WARN_BOOL_CONVERSION = YES;
				CLANG_WARN_CONSTANT_CONVERSION = YES;
				CLANG_WARN_DIRECT_OBJC_ISA_USAGE = YES_ERROR;
				CLANG_WARN_EMPTY_BODY = YES;
				CLANG_WARN_ENUM_CONVERSION = YES;
				CLANG_WARN_INT_CONVERSION = YES;
				CLANG_WARN_OBJC_ROOT_CLASS = YES_ERROR;
				CLANG_WARN_UNREACHABLE_CODE = YES;
				CLANG_WARN__DUPLICATE_METHOD_MATCH = YES;
				"CODE_SIGN_IDENTITY[sdk=iphoneos*]" = "iPhone Developer";
				COPY_PHASE_STRIP = NO;
				DEBUG_INFORMATION_FORMAT = dwarf;
				ENABLE_STRICT_OBJC_MSGSEND = YES;
				ENABLE_TESTABILITY = YES;
				GCC_C_LANGUAGE_STANDARD = gnu99;
				GCC_DYNAMIC_NO_PIC = NO;
				GCC_NO_COMMON_BLOCKS = YES;
				GCC_OPTIMIZATION_LEVEL = 0;
				GCC_PREPROCESSOR_DEFINITIONS = (
					"DEBUG=1",
					"$(inherited)",
				);
				GCC_WARN_64_TO_32_BIT_CONVERSION = YES;
				GCC_WARN_ABOUT_RETURN_TYPE = YES_ERROR;
				GCC_WARN_UNDECLARED_SELECTOR = YES;
				GCC_WARN_UNINITIALIZED_AUTOS = YES_AGGRESSIVE;
				GCC_WARN_UNUSED_FUNCTION = YES;
				GCC_WARN_UNUSED_VARIABLE = YES;
				IPHONEOS_DEPLOYMENT_TARGET = 9.2;
				MTL_ENABLE_DEBUG_INFO = YES;
				ONLY_ACTIVE_ARCH = YES;
				SDKROOT = iphoneos;
				SWIFT_OPTIMIZATION_LEVEL = "-Onone";
			};
			name = Debug;
		};
		0162770B1C83E7CE003E4994 /* Release */ = {
			isa = XCBuildConfiguration;
			buildSettings = {
				ALWAYS_SEARCH_USER_PATHS = NO;
				CLANG_CXX_LANGUAGE_STANDARD = "gnu++0x";
				CLANG_CXX_LIBRARY = "libc++";
				CLANG_ENABLE_MODULES = YES;
				CLANG_ENABLE_OBJC_ARC = YES;
				CLANG_WARN_BOOL_CONVERSION = YES;
				CLANG_WARN_CONSTANT_CONVERSION = YES;
				CLANG_WARN_DIRECT_OBJC_ISA_USAGE = YES_ERROR;
				CLANG_WARN_EMPTY_BODY = YES;
				CLANG_WARN_ENUM_CONVERSION = YES;
				CLANG_WARN_INT_CONVERSION = YES;
				CLANG_WARN_OBJC_ROOT_CLASS = YES_ERROR;
				CLANG_WARN_UNREACHABLE_CODE = YES;
				CLANG_WARN__DUPLICATE_METHOD_MATCH = YES;
				"CODE_SIGN_IDENTITY[sdk=iphoneos*]" = "iPhone Developer";
				COPY_PHASE_STRIP = NO;
				DEBUG_INFORMATION_FORMAT = "dwarf-with-dsym";
				ENABLE_NS_ASSERTIONS = NO;
				ENABLE_STRICT_OBJC_MSGSEND = YES;
				GCC_C_LANGUAGE_STANDARD = gnu99;
				GCC_NO_COMMON_BLOCKS = YES;
				GCC_WARN_64_TO_32_BIT_CONVERSION = YES;
				GCC_WARN_ABOUT_RETURN_TYPE = YES_ERROR;
				GCC_WARN_UNDECLARED_SELECTOR = YES;
				GCC_WARN_UNINITIALIZED_AUTOS = YES_AGGRESSIVE;
				GCC_WARN_UNUSED_FUNCTION = YES;
				GCC_WARN_UNUSED_VARIABLE = YES;
				IPHONEOS_DEPLOYMENT_TARGET = 9.2;
				MTL_ENABLE_DEBUG_INFO = NO;
				SDKROOT = iphoneos;
				VALIDATE_PRODUCT = YES;
			};
			name = Release;
		};
		0162770D1C83E7CE003E4994 /* Debug */ = {
			isa = XCBuildConfiguration;
			baseConfigurationReference = A2D526155CB7FB4F273F2700 /* Pods-Instyy.debug.xcconfig */;
			buildSettings = {
				ASSETCATALOG_COMPILER_APPICON_NAME = AppIcon;
				INFOPLIST_FILE = Instyy/Info.plist;
				LD_RUNPATH_SEARCH_PATHS = "$(inherited) @executable_path/Frameworks";
				PRODUCT_BUNDLE_IDENTIFIER = com.codepath.Instyy;
				PRODUCT_NAME = "$(TARGET_NAME)";
			};
			name = Debug;
		};
		0162770E1C83E7CE003E4994 /* Release */ = {
			isa = XCBuildConfiguration;
			baseConfigurationReference = 2389BEDD752D1CED8188AC36 /* Pods-Instyy.release.xcconfig */;
			buildSettings = {
				ASSETCATALOG_COMPILER_APPICON_NAME = AppIcon;
				INFOPLIST_FILE = Instyy/Info.plist;
				LD_RUNPATH_SEARCH_PATHS = "$(inherited) @executable_path/Frameworks";
				PRODUCT_BUNDLE_IDENTIFIER = com.codepath.Instyy;
				PRODUCT_NAME = "$(TARGET_NAME)";
			};
			name = Release;
		};
/* End XCBuildConfiguration section */

/* Begin XCConfigurationList section */
		016276F51C83E7CE003E4994 /* Build configuration list for PBXProject "Instyy" */ = {
			isa = XCConfigurationList;
			buildConfigurations = (
				0162770A1C83E7CE003E4994 /* Debug */,
				0162770B1C83E7CE003E4994 /* Release */,
			);
			defaultConfigurationIsVisible = 0;
			defaultConfigurationName = Release;
		};
		0162770C1C83E7CE003E4994 /* Build configuration list for PBXNativeTarget "Instyy" */ = {
			isa = XCConfigurationList;
			buildConfigurations = (
				0162770D1C83E7CE003E4994 /* Debug */,
				0162770E1C83E7CE003E4994 /* Release */,
			);
			defaultConfigurationIsVisible = 0;
			defaultConfigurationName = Release;
		};
/* End XCConfigurationList section */
	};
	rootObject = 016276F21C83E7CE003E4994 /* Project object */;
}
